# This file is automatically @generated by Cargo.
# It is not intended for manual editing.
version = 4

[[package]]
name = "swath-udf-example-hillshade"
version = "0.0.0"
dependencies = [
 "swath-udf-guest",
]

[[package]]
name = "swath-udf-example-ndvi"
version = "0.0.0"
dependencies = [
 "swath-udf-guest",
]

[[package]]
name = "swath-udf-example-qamask"
version = "0.0.0"
dependencies = [
 "swath-udf-guest",
]

[[package]]
name = "swath-udf-guest"
version = "0.1.0-alpha.1"
